
Microsoft Visual Studio Solution File, Format Version 12.00
# Visual Studio Version 16
VisualStudioVersion = 16.0.31911.196
MinimumVisualStudioVersion = 10.0.40219.1
Project("{FAE04EC0-301F-11D3-BF4B-00C04F79EFBC}") = "DataTransfer", "DataTransfer\DataTransfer.csproj", "{C4C8410D-F920-405D-85A1-0FF0CA2603F5}"
EndProject
Global
	GlobalSection(SolutionConfigurationPlatforms) = preSolution
		Debug|Any CPU = Debug|Any CPU
		Release|Any CPU = Release|Any CPU
	EndGlobalSection
	GlobalSection(ProjectConfigurationPlatforms) = postSolution
		{C4C8410D-F920-405D-85A1-0FF0CA2603F5}.Debug|Any CPU.ActiveCfg = Debug|Any CPU
		{C4C8410D-F920-405D-85A1-0FF0CA2603F5}.Debug|Any CPU.Build.0 = Debug|Any CPU
		{C4C8410D-F920-405D-85A1-0FF0CA2603F5}.Release|Any CPU.ActiveCfg = Release|Any CPU
		{C4C8410D-F920-405D-85A1-0FF0CA2603F5}.Release|Any CPU.Build.0 = Release|Any CPU
	EndGlobalSection
	GlobalSection(SolutionProperties) = preSolution
		HideSolutionNode = FALSE
	EndGlobalSection
	GlobalSection(ExtensibilityGlobals) = postSolution
		SolutionGuid = {21CDA2EC-504B-4BA3-A4FF-50E159A732A6}
	EndGlobalSection
EndGlobal
